github.com/hase-yuu/module-sample/multiversion/a v0.0.0-20190108094457-7da9296d139f h1:wEXqgSjIWFRqfPsRBOMv5NiFc3t6+zu8ivfBQnrnHC4=
github.com/hase-yuu/module-sample/multiversion/a v0.0.0-20190108094457-7da9296d139f/go.mod h1:1/dlGu9kWlFbI5l/fWHemH5yDk+NTvNjjts1pi7KOdo=
github.com/hase-yuu/module-sample/multiversion/b v0.0.0-20190108094457-7da9296d139f h1:y2xPkzPexLaSnLk6vCUTvBHidEv8qSizsK5JUFw+05g=
github.com/hase-yuu/module-sample/multiversion/b v0.0.0-20190108094457-7da9296d139f/go.mod h1:81UKDJ8o7FjdS7odHnKubIZqmY3Ny8a6/+SfnjYiYrI=
golang.org/x/text v0.0.0-20170915032832-14c0d48ead0c/go.mod h1:NqM8EUOU14njkJ3fqMW+pc6Ldnwhi/IjpwHt7yyuwOQ=
golang.org/x/text v0.3.0 h1:g61tztE5qeGQ89tm6NTjjM9VPIm088od1l6aSorWRWg=
golang.org/x/text v0.3.0/go.mod h1:NqM8EUOU14njkJ3fqMW+pc6Ldnwhi/IjpwHt7yyuwOQ=
rsc.io/sampler v1.0.0/go.mod h1:cqxpM3ZVz9VtirqxZPmrWzkQ+UkiNiGtkrN+B+i8kx8=
rsc.io/sampler v1.2.0 h1:kv0S38gRJgeo7wdseAvLlKLV/gw6qvM3wmj7D59jGgw=
rsc.io/sampler v1.2.0/go.mod h1:T1hPZKmBbMNahiBKFy5HrXp6adAjACjK9JXDnKaTXpA=
rsc.io/sampler v1.99.99/go.mod h1:T1hPZKmBbMNahiBKFy5HrXp6adAjACjK9JXDnKaTXpA=
